
Microsoft Visual Studio Solution File, Format Version 11.00
# Visual Studio 2010
Project("{2150E333-8FDC-42A3-9474-1A3956D46DE8}") = "utils", "utils", "{5A1FF92A-9722-4044-86C2-85DA4063D4E3}"
EndProject
Project("{2150E333-8FDC-42A3-9474-1A3956D46DE8}") = "Tests", "Tests", "{FA163A84-D8B8-414D-BE32-E780A473CB09}"
EndProject
Project("{FAE04EC0-301F-11D3-BF4B-00C04F79EFBC}") = "ClubPool.Core", "app\ClubPool.Core\ClubPool.Core.csproj", "{18847B4C-6AAC-4790-AB5E-AF1DC57EF6F7}"
EndProject
Project("{FAE04EC0-301F-11D3-BF4B-00C04F79EFBC}") = "ClubPool.ApplicationServices", "app\ClubPool.ApplicationServices\ClubPool.ApplicationServices.csproj", "{3052CCC3-3F02-4C68-BAB5-1B4ACF7C6CF9}"
EndProject
Project("{FAE04EC0-301F-11D3-BF4B-00C04F79EFBC}") = "ClubPool.Data", "app\ClubPool.Data\ClubPool.Data.csproj", "{07CF6E67-B5F0-4EEA-8DA8-677775B25F48}"
EndProject
Project("{FAE04EC0-301F-11D3-BF4B-00C04F79EFBC}") = "ClubPool.Web.Controllers", "app\ClubPool.Web.Controllers\ClubPool.Web.Controllers.csproj", "{2EBEB3C2-E3E7-4782-9288-6FBA771C031F}"
EndProject
Project("{FAE04EC0-301F-11D3-BF4B-00C04F79EFBC}") = "ClubPool.Web", "app\ClubPool.Web\ClubPool.Web.csproj", "{4230FBF1-9D6D-4F42-8040-7519F25251AE}"
EndProject
Project("{FAE04EC0-301F-11D3-BF4B-00C04F79EFBC}") = "ClubPool.SchemaGen", "utils\ClubPool.SchemaGen\ClubPool.SchemaGen.csproj", "{CCEA23AA-F37D-4C51-8E63-214D4185C996}"
EndProject
Project("{FAE04EC0-301F-11D3-BF4B-00C04F79EFBC}") = "ClubPool.Framework", "app\ClubPool.Framework\ClubPool.Framework.csproj", "{B0659B70-C931-4E5B-B56C-32223414252C}"
EndProject
Project("{FAE04EC0-301F-11D3-BF4B-00C04F79EFBC}") = "ClubPool.MSpecTests", "tests\ClubPool.MSpecTests\ClubPool.MSpecTests.csproj", "{BC9610CD-5151-43BB-9F63-7ED8ACD819CD}"
EndProject
Project("{FAE04EC0-301F-11D3-BF4B-00C04F79EFBC}") = "ClubPool.Testing", "tests\ClubPool.Testing\ClubPool.Testing.csproj", "{3712C272-F0EC-4BAC-8DF1-48AF5F4EF818}"
EndProject
Project("{FAE04EC0-301F-11D3-BF4B-00C04F79EFBC}") = "ClubPool.Web.Controls", "app\ClubPool.Web.Controls\ClubPool.Web.Controls.csproj", "{9A9C7C70-2E70-4A74-86F6-2C11F995510D}"
EndProject
Project("{2150E333-8FDC-42A3-9474-1A3956D46DE8}") = "Solution Items", "Solution Items", "{34FBAA11-4039-4AD7-A08F-CB9787367A64}"
	ProjectSection(SolutionItems) = preProject
		TodoList.txt = TodoList.txt
	EndProjectSection
EndProject
Project("{F088123C-0E9E-452A-89E6-6BA2F21D5CAC}") = "ClubPool.Architecture", "app\ClubPool.Architecture\ClubPool.Architecture.modelproj", "{A64D6AA6-5CA3-465B-B269-14096793D8B1}"
EndProject
Global
	GlobalSection(SolutionConfigurationPlatforms) = preSolution
		Debug|Any CPU = Debug|Any CPU
		Release|Any CPU = Release|Any CPU
	EndGlobalSection
	GlobalSection(ProjectConfigurationPlatforms) = postSolution
		{18847B4C-6AAC-4790-AB5E-AF1DC57EF6F7}.Debug|Any CPU.ActiveCfg = Debug|Any CPU
		{18847B4C-6AAC-4790-AB5E-AF1DC57EF6F7}.Debug|Any CPU.Build.0 = Debug|Any CPU
		{18847B4C-6AAC-4790-AB5E-AF1DC57EF6F7}.Release|Any CPU.ActiveCfg = Release|Any CPU
		{18847B4C-6AAC-4790-AB5E-AF1DC57EF6F7}.Release|Any CPU.Build.0 = Release|Any CPU
		{3052CCC3-3F02-4C68-BAB5-1B4ACF7C6CF9}.Debug|Any CPU.ActiveCfg = Debug|Any CPU
		{3052CCC3-3F02-4C68-BAB5-1B4ACF7C6CF9}.Debug|Any CPU.Build.0 = Debug|Any CPU
		{3052CCC3-3F02-4C68-BAB5-1B4ACF7C6CF9}.Release|Any CPU.ActiveCfg = Release|Any CPU
		{3052CCC3-3F02-4C68-BAB5-1B4ACF7C6CF9}.Release|Any CPU.Build.0 = Release|Any CPU
		{07CF6E67-B5F0-4EEA-8DA8-677775B25F48}.Debug|Any CPU.ActiveCfg = Debug|Any CPU
		{07CF6E67-B5F0-4EEA-8DA8-677775B25F48}.Debug|Any CPU.Build.0 = Debug|Any CPU
		{07CF6E67-B5F0-4EEA-8DA8-677775B25F48}.Release|Any CPU.ActiveCfg = Release|Any CPU
		{07CF6E67-B5F0-4EEA-8DA8-677775B25F48}.Release|Any CPU.Build.0 = Release|Any CPU
		{2EBEB3C2-E3E7-4782-9288-6FBA771C031F}.Debug|Any CPU.ActiveCfg = Debug|Any CPU
		{2EBEB3C2-E3E7-4782-9288-6FBA771C031F}.Debug|Any CPU.Build.0 = Debug|Any CPU
		{2EBEB3C2-E3E7-4782-9288-6FBA771C031F}.Release|Any CPU.ActiveCfg = Release|Any CPU
		{2EBEB3C2-E3E7-4782-9288-6FBA771C031F}.Release|Any CPU.Build.0 = Release|Any CPU
		{4230FBF1-9D6D-4F42-8040-7519F25251AE}.Debug|Any CPU.ActiveCfg = Debug|Any CPU
		{4230FBF1-9D6D-4F42-8040-7519F25251AE}.Debug|Any CPU.Build.0 = Debug|Any CPU
		{4230FBF1-9D6D-4F42-8040-7519F25251AE}.Release|Any CPU.ActiveCfg = Release|Any CPU
		{4230FBF1-9D6D-4F42-8040-7519F25251AE}.Release|Any CPU.Build.0 = Release|Any CPU
		{CCEA23AA-F37D-4C51-8E63-214D4185C996}.Debug|Any CPU.ActiveCfg = Debug|Any CPU
		{CCEA23AA-F37D-4C51-8E63-214D4185C996}.Debug|Any CPU.Build.0 = Debug|Any CPU
		{CCEA23AA-F37D-4C51-8E63-214D4185C996}.Release|Any CPU.ActiveCfg = Release|Any CPU
		{CCEA23AA-F37D-4C51-8E63-214D4185C996}.Release|Any CPU.Build.0 = Release|Any CPU
		{B0659B70-C931-4E5B-B56C-32223414252C}.Debug|Any CPU.ActiveCfg = Debug|Any CPU
		{B0659B70-C931-4E5B-B56C-32223414252C}.Debug|Any CPU.Build.0 = Debug|Any CPU
		{B0659B70-C931-4E5B-B56C-32223414252C}.Release|Any CPU.ActiveCfg = Release|Any CPU
		{B0659B70-C931-4E5B-B56C-32223414252C}.Release|Any CPU.Build.0 = Release|Any CPU
		{BC9610CD-5151-43BB-9F63-7ED8ACD819CD}.Debug|Any CPU.ActiveCfg = Debug|Any CPU
		{BC9610CD-5151-43BB-9F63-7ED8ACD819CD}.Debug|Any CPU.Build.0 = Debug|Any CPU
		{BC9610CD-5151-43BB-9F63-7ED8ACD819CD}.Release|Any CPU.ActiveCfg = Release|Any CPU
		{BC9610CD-5151-43BB-9F63-7ED8ACD819CD}.Release|Any CPU.Build.0 = Release|Any CPU
		{3712C272-F0EC-4BAC-8DF1-48AF5F4EF818}.Debug|Any CPU.ActiveCfg = Debug|Any CPU
		{3712C272-F0EC-4BAC-8DF1-48AF5F4EF818}.Debug|Any CPU.Build.0 = Debug|Any CPU
		{3712C272-F0EC-4BAC-8DF1-48AF5F4EF818}.Release|Any CPU.ActiveCfg = Release|Any CPU
		{3712C272-F0EC-4BAC-8DF1-48AF5F4EF818}.Release|Any CPU.Build.0 = Release|Any CPU
		{9A9C7C70-2E70-4A74-86F6-2C11F995510D}.Debug|Any CPU.ActiveCfg = Debug|Any CPU
		{9A9C7C70-2E70-4A74-86F6-2C11F995510D}.Debug|Any CPU.Build.0 = Debug|Any CPU
		{9A9C7C70-2E70-4A74-86F6-2C11F995510D}.Release|Any CPU.ActiveCfg = Release|Any CPU
		{9A9C7C70-2E70-4A74-86F6-2C11F995510D}.Release|Any CPU.Build.0 = Release|Any CPU
		{A64D6AA6-5CA3-465B-B269-14096793D8B1}.Debug|Any CPU.ActiveCfg = Debug|Any CPU
		{A64D6AA6-5CA3-465B-B269-14096793D8B1}.Debug|Any CPU.Build.0 = Debug|Any CPU
		{A64D6AA6-5CA3-465B-B269-14096793D8B1}.Release|Any CPU.ActiveCfg = Release|Any CPU
		{A64D6AA6-5CA3-465B-B269-14096793D8B1}.Release|Any CPU.Build.0 = Release|Any CPU
	EndGlobalSection
	GlobalSection(SolutionProperties) = preSolution
		HideSolutionNode = FALSE
	EndGlobalSection
	GlobalSection(NestedProjects) = preSolution
		{CCEA23AA-F37D-4C51-8E63-214D4185C996} = {5A1FF92A-9722-4044-86C2-85DA4063D4E3}
		{BC9610CD-5151-43BB-9F63-7ED8ACD819CD} = {FA163A84-D8B8-414D-BE32-E780A473CB09}
		{3712C272-F0EC-4BAC-8DF1-48AF5F4EF818} = {FA163A84-D8B8-414D-BE32-E780A473CB09}
	EndGlobalSection
	GlobalSection(SubversionScc) = preSolution
		Svn-Managed = True
		Manager = AnkhSVN - Subversion Support for Visual Studio
	EndGlobalSection
EndGlobal
